
Microsoft Visual Studio Solution File, Format Version 12.00
# SQL Server Management Studio Version 21
VisualStudioVersion = 17.14.36408.4
MinimumVisualStudioVersion = 10.0.40219.1
Project("{4F2E2C19-372F-40D8-9FA7-9D2138C6997A}") = "Creación de tablas y agregación de datos", "Creación de tablas y agregación de datos.ssmssqlproj", "{CB4B8276-2FCF-F6C9-67B3-3E4E00C25EC6}"
EndProject
Global
	GlobalSection(SolutionConfigurationPlatforms) = preSolution
		Default|Default = Default|Default
	EndGlobalSection
	GlobalSection(ProjectConfigurationPlatforms) = postSolution
		{CB4B8276-2FCF-F6C9-67B3-3E4E00C25EC6}.Default|Default.ActiveCfg = Default
		{EFB920FF-1A48-4500-A13F-A07EF1673549}.Default|Default.ActiveCfg = Default
	EndGlobalSection
	GlobalSection(SolutionProperties) = preSolution
		HideSolutionNode = FALSE
	EndGlobalSection
	GlobalSection(ExtensibilityGlobals) = postSolution
		SolutionGuid = {B76325C0-6AB8-4B84-8719-68F545A87158}
	EndGlobalSection
EndGlobal
